
Microsoft Visual Studio Solution File, Format Version 12.00
# Visual Studio Version 17
VisualStudioVersion = 17.14.36429.23 d17.14
MinimumVisualStudioVersion = 10.0.40219.1
Project("{FAE04EC0-301F-11D3-BF4B-00C04F79EFBC}") = "LaLiga", "LaLiga.csproj", "{A419C957-1C11-4AC9-B9F8-527FA8985E98}"
EndProject
Global
	GlobalSection(SolutionConfigurationPlatforms) = preSolution
		Debug|Any CPU = Debug|Any CPU
		Release|Any CPU = Release|Any CPU
	EndGlobalSection
	GlobalSection(ProjectConfigurationPlatforms) = postSolution
		{A419C957-1C11-4AC9-B9F8-527FA8985E98}.Debug|Any CPU.ActiveCfg = Debug|Any CPU
		{A419C957-1C11-4AC9-B9F8-527FA8985E98}.Debug|Any CPU.Build.0 = Debug|Any CPU
		{A419C957-1C11-4AC9-B9F8-527FA8985E98}.Release|Any CPU.ActiveCfg = Release|Any CPU
		{A419C957-1C11-4AC9-B9F8-527FA8985E98}.Release|Any CPU.Build.0 = Release|Any CPU
	EndGlobalSection
	GlobalSection(SolutionProperties) = preSolution
		HideSolutionNode = FALSE
	EndGlobalSection
	GlobalSection(ExtensibilityGlobals) = postSolution
		SolutionGuid = {FECF6781-25E5-41BC-A609-C2084E591212}
	EndGlobalSection
EndGlobal
